// !$*UTF8*$!
{
	archiveVersion = 1;
	classes = {
	};
	objectVersion = 50;
	objects = {

/* Begin PBXGroup section */
		71FC4C35209E41F5009E473C = {
			isa = PBXGroup;
			children = (
			);
			sourceTree = "<group>";
		};
/* End PBXGroup section */

/* Begin PBXProject section */
		71FC4C36209E41F5009E473C /* Project object */ = {
			isa = PBXProject;
			attributes = {
				LastUpgradeCheck = 0930;
			};
			buildConfigurationList = 71FC4C39209E41F5009E473C /* Build configuration list for PBXProject "gov.gsa.scripts" */;
			compatibilityVersion = "Xcode 9.3";
			developmentRegion = en;
			hasScannedForEncodings = 0;
			knownRegions = (
				en,
			);
			mainGroup = 71FC4C35209E41F5009E473C;
			projectDirPath = "";
			projectRoot = "";
			targets = (
			);
		};
/* End PBXProject section */

/* Begin XCBuildConfiguration section */
		71FC4C3A209E41F5009E473C /* Debug */ = {
			isa = XCBuildConfiguration;
			buildSettings = {
			};
			name = Debug;
		};
		71FC4C3B209E41F5009E473C /* Release */ = {
			isa = XCBuildConfiguration;
			buildSettings = {
			};
			name = Release;
		};
/* End XCBuildConfiguration section */

/* Begin XCConfigurationList section */
		71FC4C39209E41F5009E473C /* Build configuration list for PBXProject "gov.gsa.scripts" */ = {
			isa = XCConfigurationList;
			buildConfigurations = (
				71FC4C3A209E41F5009E473C /* Debug */,
				71FC4C3B209E41F5009E473C /* Release */,
			);
			defaultConfigurationIsVisible = 0;
			defaultConfigurationName = Release;
		};
/* End XCConfigurationList section */
	};
	rootObject = 71FC4C36209E41F5009E473C /* Project object */;
}
