// !$*UTF8*$!
{
	archiveVersion = 1;
	classes = {
	};
	objectVersion = 50;
	objects = {

/* Begin PBXFileReference section */
		710D00312096749B00D931C3 /* boot_time.txt */ = {isa = PBXFileReference; lastKnownFileType = text; path = boot_time.txt; sourceTree = "<group>"; };
		7117294820C06EBB0034E719 /* gov.gsa.baselineprovision.sh */ = {isa = PBXFileReference; lastKnownFileType = text.script.sh; path = gov.gsa.baselineprovision.sh; sourceTree = "<group>"; };
		711EF8322096705700CC0EC8 /* gov.gsa.prime.sh */ = {isa = PBXFileReference; lastKnownFileType = text.script.sh; path = gov.gsa.prime.sh; sourceTree = "<group>"; };
		711EF8332096709C00CC0EC8 /* gov.gsa.boottime.sh */ = {isa = PBXFileReference; lastKnownFileType = text.script.sh; path = gov.gsa.boottime.sh; sourceTree = "<group>"; };
		7151A99220A12D8000911F5A /* com.fireeye.xagt.unload.sh */ = {isa = PBXFileReference; lastKnownFileType = text.script.sh; path = com.fireeye.xagt.unload.sh; sourceTree = "<group>"; };
		7151A99320A12DD000911F5A /* com.fireeye.xagt.load.sh */ = {isa = PBXFileReference; lastKnownFileType = text.script.sh; path = com.fireeye.xagt.load.sh; sourceTree = "<group>"; };
		7157B43B20A1C81D00FA9383 /* com.fireeye.xagt.uninstall.sh */ = {isa = PBXFileReference; lastKnownFileType = text.script.sh; path = com.fireeye.xagt.uninstall.sh; sourceTree = "<group>"; };
		7157B43C20A1D1CA00FA9383 /* com.IBM.BigFix.uninstall.sh */ = {isa = PBXFileReference; lastKnownFileType = text.script.sh; path = com.IBM.BigFix.uninstall.sh; sourceTree = "<group>"; };
		717CA79020C8390700C26A7E /* gov.gsa.hotcornerextatrib.sh */ = {isa = PBXFileReference; lastKnownFileType = text.script.sh; name = gov.gsa.hotcornerextatrib.sh; path = ExtAttrib/gov.gsa.hotcornerextatrib.sh; sourceTree = SOURCE_ROOT; };
		7181DBB1209E61F000C2634A /* gov.gsa.sus.extattrib.sh */ = {isa = PBXFileReference; lastKnownFileType = text.script.sh; name = gov.gsa.sus.extattrib.sh; path = ExtAttrib/gov.gsa.sus.extattrib.sh; sourceTree = SOURCE_ROOT; };
		718C201E20CED66C006BEE36 /* gov.gsa.anyconnect.install.sh */ = {isa = PBXFileReference; lastKnownFileType = text.script.sh; path = gov.gsa.anyconnect.install.sh; sourceTree = "<group>"; };
		718F98C720B4577700557496 /* Script.sh */ = {isa = PBXFileReference; lastKnownFileType = text.script.sh; path = Script.sh; sourceTree = "<group>"; };
		71DB52D32096076B00622FF8 /* gov.gsa.sus.sh */ = {isa = PBXFileReference; lastKnownFileType = text.script.sh; path = gov.gsa.sus.sh; sourceTree = "<group>"; };
		71DB52D4209607A000622FF8 /* gov.gsa.updialog.sh */ = {isa = PBXFileReference; lastKnownFileType = text.script.sh; path = gov.gsa.updialog.sh; sourceTree = "<group>"; };
		71DB52D520966C1400622FF8 /* All-Provision Base.sh */ = {isa = PBXFileReference; lastKnownFileType = text.script.sh; path = "All-Provision Base.sh"; sourceTree = "<group>"; };
/* End PBXFileReference section */

/* Begin PBXGroup section */
		7153FFE7209E5E240033FBAF /* Example Files */ = {
			isa = PBXGroup;
			children = (
				710D00312096749B00D931C3 /* boot_time.txt */,
			);
			path = "Example Files";
			sourceTree = "<group>";
		};
		7181DBB0209E61B300C2634A /* ExtAttrib */ = {
			isa = PBXGroup;
			children = (
				7181DBB1209E61F000C2634A /* gov.gsa.sus.extattrib.sh */,
				717CA79020C8390700C26A7E /* gov.gsa.hotcornerextatrib.sh */,
			);
			name = ExtAttrib;
			path = "New Group";
			sourceTree = "<group>";
		};
		718F98C620B4573800557496 /* Decom */ = {
			isa = PBXGroup;
			children = (
				718F98C720B4577700557496 /* Script.sh */,
			);
			path = Decom;
			sourceTree = "<group>";
		};
		71DB52CC2096074A00622FF8 = {
			isa = PBXGroup;
			children = (
				718F98C620B4573800557496 /* Decom */,
				7181DBB0209E61B300C2634A /* ExtAttrib */,
				7153FFE7209E5E240033FBAF /* Example Files */,
				71FC4C47209E4782009E473C /* Scripts */,
			);
			sourceTree = "<group>";
		};
		71FC4C47209E4782009E473C /* Scripts */ = {
			isa = PBXGroup;
			children = (
				711EF8332096709C00CC0EC8 /* gov.gsa.boottime.sh */,
				71DB52D32096076B00622FF8 /* gov.gsa.sus.sh */,
				7117294820C06EBB0034E719 /* gov.gsa.baselineprovision.sh */,
				71DB52D4209607A000622FF8 /* gov.gsa.updialog.sh */,
				718C201E20CED66C006BEE36 /* gov.gsa.anyconnect.install.sh */,
				71DB52D520966C1400622FF8 /* All-Provision Base.sh */,
				711EF8322096705700CC0EC8 /* gov.gsa.prime.sh */,
				7151A99220A12D8000911F5A /* com.fireeye.xagt.unload.sh */,
				7151A99320A12DD000911F5A /* com.fireeye.xagt.load.sh */,
				7157B43B20A1C81D00FA9383 /* com.fireeye.xagt.uninstall.sh */,
				7157B43C20A1D1CA00FA9383 /* com.IBM.BigFix.uninstall.sh */,
			);
			path = Scripts;
			sourceTree = "<group>";
		};
/* End PBXGroup section */

/* Begin PBXProject section */
		71DB52CD2096074A00622FF8 /* Project object */ = {
			isa = PBXProject;
			attributes = {
				LastUpgradeCheck = 0930;
			};
			buildConfigurationList = 71DB52D02096074A00622FF8 /* Build configuration list for PBXProject "gov.gsa" */;
			compatibilityVersion = "Xcode 9.3";
			developmentRegion = en;
			hasScannedForEncodings = 0;
			knownRegions = (
				en,
			);
			mainGroup = 71DB52CC2096074A00622FF8;
			projectDirPath = "";
			projectRoot = "";
			targets = (
			);
		};
/* End PBXProject section */

/* Begin XCBuildConfiguration section */
		71DB52D12096074A00622FF8 /* Debug */ = {
			isa = XCBuildConfiguration;
			buildSettings = {
			};
			name = Debug;
		};
		71DB52D22096074A00622FF8 /* Release */ = {
			isa = XCBuildConfiguration;
			buildSettings = {
			};
			name = Release;
		};
/* End XCBuildConfiguration section */

/* Begin XCConfigurationList section */
		71DB52D02096074A00622FF8 /* Build configuration list for PBXProject "gov.gsa" */ = {
			isa = XCConfigurationList;
			buildConfigurations = (
				71DB52D12096074A00622FF8 /* Debug */,
				71DB52D22096074A00622FF8 /* Release */,
			);
			defaultConfigurationIsVisible = 0;
			defaultConfigurationName = Release;
		};
/* End XCConfigurationList section */
	};
	rootObject = 71DB52CD2096074A00622FF8 /* Project object */;
}
